{
  "name": "metamcp",
  "lockfileVersion": 3,
  "requires": true,
  "packages": {
    "": {
      "name": "metamcp",
      "devDependencies": {
        "dotenv-cli": "^8.0.0",
        "pnpm": "^9.15.9",
        "prettier": "^3.5.3",
        "turbo": "^2.5.5",
        "typescript": "5.8.2"
      },
      "engines": {
        "node": ">=18"
      }
    },
    "apps/backend": {
      "version": "1.0.0",
      "extraneous": true,
      "license": "ISC",
      "dependencies": {
        "@modelcontextprotocol/sdk": "^1.16.0",
        "@repo/trpc": "file:../../packages/trpc",
        "@repo/zod-types": "file:../../packages/zod-types",
        "@trpc/server": "^11.4.1",
        "basic-auth": "^2.0.1",
        "better-auth": "^1.2.9",
        "cors": "^2.8.5",
        "cross-spawn": "^7.0.6",
        "dotenv": "^16.5.0",
        "drizzle-orm": "^0.44.2",
        "execa": "^9.6.0",
        "express": "^5.1.0",
        "helmet": "^8.1.0",
        "nanoid": "^5.1.5",
        "pg": "^8.16.0",
        "shell-quote": "^1.8.3",
        "spawn-rx": "^5.1.2",
        "zod": "^3.25.64"
      },
      "devDependencies": {
        "@repo/eslint-config": "file:../../packages/eslint-config",
        "@types/basic-auth": "^1.1.8",
        "@types/cors": "^2.8.19",
        "@types/cross-spawn": "^6.0.6",
        "@types/express": "^4.17.21",
        "@types/node": "^20.0.0",
        "@types/pg": "^8.15.4",
        "@types/shell-quote": "^1.7.5",
        "dotenv-cli": "^8.0.0",
        "drizzle-kit": "^0.31.1",
        "eslint": "^9.28.0",
        "tsup": "^8.5.0",
        "tsx": "^4.20.3",
        "typescript": "^5.0.0"
      }
    },
    "apps/frontend": {
      "version": "0.1.0",
      "extraneous": true,
      "dependencies": {
        "@better-fetch/fetch": "^1.1.18",
        "@hookform/resolvers": "^5.1.1",
        "@modelcontextprotocol/sdk": "^1.16.0",
        "@radix-ui/react-alert-dialog": "^1.1.15",
        "@radix-ui/react-checkbox": "^1.3.2",
        "@radix-ui/react-dialog": "^1.1.14",
        "@radix-ui/react-dropdown-menu": "^2.1.15",
        "@radix-ui/react-label": "^2.1.7",
        "@radix-ui/react-select": "^2.2.5",
        "@radix-ui/react-separator": "^1.1.7",
        "@radix-ui/react-slot": "^1.2.3",
        "@radix-ui/react-switch": "^1.2.5",
        "@radix-ui/react-tabs": "^1.1.12",
        "@radix-ui/react-tooltip": "^1.2.7",
        "@repo/trpc": "file:../../packages/trpc",
        "@repo/zod-types": "file:../../packages/zod-types",
        "@tailwindcss/postcss": "^4.1.10",
        "@tanstack/react-query": "^5.80.7",
        "@tanstack/react-query-devtools": "^5.80.7",
        "@tanstack/react-table": "^8.21.3",
        "@trpc/client": "^11.4.1",
        "@trpc/react-query": "^11.4.1",
        "@trpc/server": "^11.4.1",
        "@types/react-syntax-highlighter": "^15.5.13",
        "ahooks": "^3.9.0",
        "better-auth": "^1.2.9",
        "class-variance-authority": "^0.7.1",
        "clsx": "^2.1.1",
        "date-fns": "^4.1.0",
        "lucide-react": "^0.515.0",
        "next": "^15.4.7",
        "next-runtime-env": "^3.3.0",
        "next-themes": "^0.4.6",
        "postcss": "^8.5.6",
        "prismjs": "^1.30.0",
        "react": "^19.1.0",
        "react-dom": "^19.1.0",
        "react-hook-form": "^7.58.0",
        "react-syntax-highlighter": "^15.6.1",
        "sonner": "^2.0.5",
        "swr": "^2.3.3",
        "tailwind-merge": "^3.3.1",
        "tailwindcss": "^4.1.10",
        "zod": "^3.25.64",
        "zustand": "^5.0.6"
      },
      "devDependencies": {
        "@repo/eslint-config": "file:../../packages/eslint-config",
        "@repo/typescript-config": "file:../../packages/typescript-config",
        "@types/node": "^22.15.3",
        "@types/react": "19.1.0",
        "@types/react-dom": "19.1.1",
        "eslint": "^9.28.0",
        "tw-animate-css": "^1.3.4",
        "typescript": "5.8.2"
      }
    },
    "node_modules/cross-spawn": {
      "version": "7.0.6",
      "resolved": "https://registry.npmjs.org/cross-spawn/-/cross-spawn-7.0.6.tgz",
      "integrity": "sha512-uV2QOWP2nWzsy2aMp8aRibhi9dlzF5Hgh5SHaB9OiTGEyDTiJJyx0uy51QXdyWbtAHNua4XJzUKca3OzKUd3vA==",
      "dev": true,
      "license": "MIT",
      "dependencies": {
        "path-key": "^3.1.0",
        "shebang-command": "^2.0.0",
        "which": "^2.0.1"
      },
      "engines": {
        "node": ">= 8"
      }
    },
    "node_modules/dotenv": {
      "version": "16.6.1",
      "resolved": "https://registry.npmjs.org/dotenv/-/dotenv-16.6.1.tgz",
      "integrity": "sha512-uBq4egWHTcTt33a72vpSG0z3HnPuIl6NqYcTrKEg2azoEyl2hpW0zqlxysq2pK9HlDIHyHyakeYaYnSAwd8bow==",
      "dev": true,
      "license": "BSD-2-Clause",
      "engines": {
        "node": ">=12"
      },
      "funding": {
        "url": "https://dotenvx.com"
      }
    },
    "node_modules/dotenv-cli": {
      "version": "8.0.0",
      "resolved": "https://registry.npmjs.org/dotenv-cli/-/dotenv-cli-8.0.0.tgz",
      "integrity": "sha512-aLqYbK7xKOiTMIRf1lDPbI+Y+Ip/wo5k3eyp6ePysVaSqbyxjyK3dK35BTxG+rmd7djf5q2UPs4noPNH+cj0Qw==",
      "dev": true,
      "license": "MIT",
      "dependencies": {
        "cross-spawn": "^7.0.6",
        "dotenv": "^16.3.0",
        "dotenv-expand": "^10.0.0",
        "minimist": "^1.2.6"
      },
      "bin": {
        "dotenv": "cli.js"
      }
    },
    "node_modules/dotenv-expand": {
      "version": "10.0.0",
      "resolved": "https://registry.npmjs.org/dotenv-expand/-/dotenv-expand-10.0.0.tgz",
      "integrity": "sha512-GopVGCpVS1UKH75VKHGuQFqS1Gusej0z4FyQkPdwjil2gNIv+LNsqBlboOzpJFZKVT95GkCyWJbBSdFEFUWI2A==",
      "dev": true,
      "license": "BSD-2-Clause",
      "engines": {
        "node": ">=12"
      }
    },
    "node_modules/isexe": {
      "version": "2.0.0",
      "resolved": "https://registry.npmjs.org/isexe/-/isexe-2.0.0.tgz",
      "integrity": "sha512-RHxMLp9lnKHGHRng9QFhRCMbYAcVpn69smSGcq3f36xjgVVWThj4qqLbTLlq7Ssj8B+fIQ1EuCEGI2lKsyQeIw==",
      "dev": true,
      "license": "ISC"
    },
    "node_modules/minimist": {
      "version": "1.2.8",
      "resolved": "https://registry.npmjs.org/minimist/-/minimist-1.2.8.tgz",
      "integrity": "sha512-2yyAR8qBkN3YuheJanUpWC5U3bb5osDywNB8RzDVlDwDHbocAJveqqj1u8+SVD7jkWT4yvsHCpWqqWqAxb0zCA==",
      "dev": true,
      "license": "MIT",
      "funding": {
        "url": "https://github.com/sponsors/ljharb"
      }
    },
    "node_modules/path-key": {
      "version": "3.1.1",
      "resolved": "https://registry.npmjs.org/path-key/-/path-key-3.1.1.tgz",
      "integrity": "sha512-ojmeN0qd+y0jszEtoY48r0Peq5dwMEkIlCOu6Q5f41lfkswXuKtYrhgoTpLnyIcHm24Uhqx+5Tqm2InSwLhE6Q==",
      "dev": true,
      "license": "MIT",
      "engines": {
        "node": ">=8"
      }
    },
    "node_modules/pnpm": {
      "version": "9.15.9",
      "resolved": "https://registry.npmjs.org/pnpm/-/pnpm-9.15.9.tgz",
      "integrity": "sha512-aARhQYk8ZvrQHAeSMRKOmvuJ74fiaR1p5NQO7iKJiClf1GghgbrlW1hBjDolO95lpQXsfF+UA+zlzDzTfc8lMQ==",
      "dev": true,
      "license": "MIT",
      "bin": {
        "pnpm": "bin/pnpm.cjs",
        "pnpx": "bin/pnpx.cjs"
      },
      "engines": {
        "node": ">=18.12"
      },
      "funding": {
        "url": "https://opencollective.com/pnpm"
      }
    },
    "node_modules/prettier": {
      "version": "3.6.2",
      "resolved": "https://registry.npmjs.org/prettier/-/prettier-3.6.2.tgz",
      "integrity": "sha512-I7AIg5boAr5R0FFtJ6rCfD+LFsWHp81dolrFD8S79U9tb8Az2nGrJncnMSnys+bpQJfRUzqs9hnA81OAA3hCuQ==",
      "dev": true,
      "license": "MIT",
      "bin": {
        "prettier": "bin/prettier.cjs"
      },
      "engines": {
        "node": ">=14"
      },
      "funding": {
        "url": "https://github.com/prettier/prettier?sponsor=1"
      }
    },
    "node_modules/shebang-command": {
      "version": "2.0.0",
      "resolved": "https://registry.npmjs.org/shebang-command/-/shebang-command-2.0.0.tgz",
      "integrity": "sha512-kHxr2zZpYtdmrN1qDjrrX/Z1rR1kG8Dx+gkpK1G4eXmvXswmcE1hTWBWYUzlraYw1/yZp6YuDY77YtvbN0dmDA==",
      "dev": true,
      "license": "MIT",
      "dependencies": {
        "shebang-regex": "^3.0.0"
      },
      "engines": {
        "node": ">=8"
      }
    },
    "node_modules/shebang-regex": {
      "version": "3.0.0",
      "resolved": "https://registry.npmjs.org/shebang-regex/-/shebang-regex-3.0.0.tgz",
      "integrity": "sha512-7++dFhtcx3353uBaq8DDR4NuxBetBzC7ZQOhmTQInHEd6bSrXdiEyzCvG07Z44UYdLShWUyXt5M/yhz8ekcb1A==",
      "dev": true,
      "license": "MIT",
      "engines": {
        "node": ">=8"
      }
    },
    "node_modules/turbo": {
      "version": "2.5.6",
      "resolved": "https://registry.npmjs.org/turbo/-/turbo-2.5.6.tgz",
      "integrity": "sha512-gxToHmi9oTBNB05UjUsrWf0OyN5ZXtD0apOarC1KIx232Vp3WimRNy3810QzeNSgyD5rsaIDXlxlbnOzlouo+w==",
      "dev": true,
      "license": "MIT",
      "bin": {
        "turbo": "bin/turbo"
      },
      "optionalDependencies": {
        "turbo-darwin-64": "2.5.6",
        "turbo-darwin-arm64": "2.5.6",
        "turbo-linux-64": "2.5.6",
        "turbo-linux-arm64": "2.5.6",
        "turbo-windows-64": "2.5.6",
        "turbo-windows-arm64": "2.5.6"
      }
    },
    "node_modules/turbo-darwin-64": {
      "version": "2.5.6",
      "resolved": "https://registry.npmjs.org/turbo-darwin-64/-/turbo-darwin-64-2.5.6.tgz",
      "integrity": "sha512-3C1xEdo4aFwMJAPvtlPqz1Sw/+cddWIOmsalHFMrsqqydcptwBfu26WW2cDm3u93bUzMbBJ8k3zNKFqxJ9ei2A==",
      "cpu": [
        "x64"
      ],
      "dev": true,
      "license": "MIT",
      "optional": true,
      "os": [
        "darwin"
      ]
    },
    "node_modules/turbo-darwin-arm64": {
      "version": "2.5.6",
      "resolved": "https://registry.npmjs.org/turbo-darwin-arm64/-/turbo-darwin-arm64-2.5.6.tgz",
      "integrity": "sha512-LyiG+rD7JhMfYwLqB6k3LZQtYn8CQQUePbpA8mF/hMLPAekXdJo1g0bUPw8RZLwQXUIU/3BU7tXENvhSGz5DPA==",
      "cpu": [
        "arm64"
      ],
      "dev": true,
      "license": "MIT",
      "optional": true,
      "os": [
        "darwin"
      ]
    },
    "node_modules/turbo-linux-64": {
      "version": "2.5.6",
      "resolved": "https://registry.npmjs.org/turbo-linux-64/-/turbo-linux-64-2.5.6.tgz",
      "integrity": "sha512-GOcUTT0xiT/pSnHL4YD6Yr3HreUhU8pUcGqcI2ksIF9b2/r/kRHwGFcsHgpG3+vtZF/kwsP0MV8FTlTObxsYIA==",
      "cpu": [
        "x64"
      ],
      "dev": true,
      "license": "MIT",
      "optional": true,
      "os": [
        "linux"
      ]
    },
    "node_modules/turbo-linux-arm64": {
      "version": "2.5.6",
      "resolved": "https://registry.npmjs.org/turbo-linux-arm64/-/turbo-linux-arm64-2.5.6.tgz",
      "integrity": "sha512-10Tm15bruJEA3m0V7iZcnQBpObGBcOgUcO+sY7/2vk1bweW34LMhkWi8svjV9iDF68+KJDThnYDlYE/bc7/zzQ==",
      "cpu": [
        "arm64"
      ],
      "dev": true,
      "license": "MIT",
      "optional": true,
      "os": [
        "linux"
      ]
    },
    "node_modules/turbo-windows-64": {
      "version": "2.5.6",
      "resolved": "https://registry.npmjs.org/turbo-windows-64/-/turbo-windows-64-2.5.6.tgz",
      "integrity": "sha512-FyRsVpgaj76It0ludwZsNN40ytHN+17E4PFJyeliBEbxrGTc5BexlXVpufB7XlAaoaZVxbS6KT8RofLfDRyEPg==",
      "cpu": [
        "x64"
      ],
      "dev": true,
      "license": "MIT",
      "optional": true,
      "os": [
        "win32"
      ]
    },
    "node_modules/turbo-windows-arm64": {
      "version": "2.5.6",
      "resolved": "https://registry.npmjs.org/turbo-windows-arm64/-/turbo-windows-arm64-2.5.6.tgz",
      "integrity": "sha512-j/tWu8cMeQ7HPpKri6jvKtyXg9K1gRyhdK4tKrrchH8GNHscPX/F71zax58yYtLRWTiK04zNzPcUJuoS0+v/+Q==",
      "cpu": [
        "arm64"
      ],
      "dev": true,
      "license": "MIT",
      "optional": true,
      "os": [
        "win32"
      ]
    },
    "node_modules/typescript": {
      "version": "5.8.2",
      "resolved": "https://registry.npmjs.org/typescript/-/typescript-5.8.2.tgz",
      "integrity": "sha512-aJn6wq13/afZp/jT9QZmwEjDqqvSGp1VT5GVg+f/t6/oVyrgXM6BY1h9BRh/O5p3PlUPAe+WuiEZOmb/49RqoQ==",
      "dev": true,
      "license": "Apache-2.0",
      "bin": {
        "tsc": "bin/tsc",
        "tsserver": "bin/tsserver"
      },
      "engines": {
        "node": ">=14.17"
      }
    },
    "node_modules/which": {
      "version": "2.0.2",
      "resolved": "https://registry.npmjs.org/which/-/which-2.0.2.tgz",
      "integrity": "sha512-BLI3Tl1TW3Pvl70l3yq3Y64i+awpwXqsGBYWkkqMtnbXgrMD+yj7rhW0kuEDxzJaYXGjEW5ogapKNMEKNMjibA==",
      "dev": true,
      "license": "ISC",
      "dependencies": {
        "isexe": "^2.0.0"
      },
      "bin": {
        "node-which": "bin/node-which"
      },
      "engines": {
        "node": ">= 8"
      }
    },
    "packages/eslint-config": {
      "name": "@repo/eslint-config",
      "version": "0.0.0",
      "extraneous": true,
      "devDependencies": {
        "@eslint/js": "^9.28.0",
        "@next/eslint-plugin-next": "^15.3.0",
        "eslint": "^9.28.0",
        "eslint-config-prettier": "^10.1.1",
        "eslint-plugin-only-warn": "^1.1.0",
        "eslint-plugin-prettier": "^5.4.1",
        "eslint-plugin-react": "^7.37.5",
        "eslint-plugin-react-hooks": "^5.2.0",
        "eslint-plugin-simple-import-sort": "^12.1.1",
        "eslint-plugin-turbo": "^2.5.0",
        "eslint-plugin-unused-imports": "^4.1.4",
        "globals": "^16.2.0",
        "prettier": "^3.5.3",
        "typescript": "^5.8.2",
        "typescript-eslint": "^8.33.0"
      }
    },
    "packages/trpc": {
      "name": "@repo/trpc",
      "version": "0.0.0",
      "extraneous": true,
      "dependencies": {
        "@repo/zod-types": "file:../zod-types",
        "@trpc/server": "^11.4.1",
        "zod": "^3.25.64"
      },
      "devDependencies": {
        "@repo/eslint-config": "file:../eslint-config",
        "@repo/typescript-config": "file:../typescript-config",
        "eslint": "^9.28.0",
        "tsup": "^8.5.0",
        "typescript": "^5.0.0"
      }
    },
    "packages/typescript-config": {
      "name": "@repo/typescript-config",
      "version": "0.0.0",
      "extraneous": true,
      "license": "MIT"
    },
    "packages/zod-types": {
      "name": "@repo/zod-types",
      "version": "1.0.0",
      "extraneous": true,
      "dependencies": {
        "zod": "^3.23.8"
      },
      "devDependencies": {
        "@repo/eslint-config": "file:../eslint-config",
        "@repo/typescript-config": "file:../typescript-config",
        "eslint": "^9.28.0",
        "tsup": "^8.5.0",
        "typescript": "^5.8.2",
        "typescript-eslint": "^8.33.0"
      }
    }
  }
}
